
Microsoft Visual Studio Solution File, Format Version 12.00
# Visual Studio 2013
VisualStudioVersion = 12.0.31101.0
MinimumVisualStudioVersion = 10.0.40219.1
Project("{FAE04EC0-301F-11D3-BF4B-00C04F79EFBC}") = "WFM For Outlook", "WFM For Outlook\WFM For Outlook.csproj", "{37BF4409-D2B1-48B1-9979-B820A1C69DBE}"
EndProject
Global
	GlobalSection(TeamFoundationVersionControl) = preSolution
		SccNumberOfProjects = 2
		SccEnterpriseProvider = {4CA58AB2-18FA-4F8D-95D4-32DDF27D184C}
		SccTeamFoundationServer = https://maxxwizard.visualstudio.com/defaultcollection
		SccLocalPath0 = .
		SccProjectUniqueName1 = WFM\u0020For\u0020Outlook\\WFM\u0020For\u0020Outlook.csproj
		SccProjectName1 = WFM\u0020For\u0020Outlook
		SccLocalPath1 = WFM\u0020For\u0020Outlook
	EndGlobalSection
	GlobalSection(SolutionConfigurationPlatforms) = preSolution
		Debug|Any CPU = Debug|Any CPU
		Release|Any CPU = Release|Any CPU
	EndGlobalSection
	GlobalSection(ProjectConfigurationPlatforms) = postSolution
		{37BF4409-D2B1-48B1-9979-B820A1C69DBE}.Debug|Any CPU.ActiveCfg = Debug|Any CPU
		{37BF4409-D2B1-48B1-9979-B820A1C69DBE}.Debug|Any CPU.Build.0 = Debug|Any CPU
		{37BF4409-D2B1-48B1-9979-B820A1C69DBE}.Debug|Any CPU.Deploy.0 = Debug|Any CPU
		{37BF4409-D2B1-48B1-9979-B820A1C69DBE}.Release|Any CPU.ActiveCfg = Release|Any CPU
		{37BF4409-D2B1-48B1-9979-B820A1C69DBE}.Release|Any CPU.Build.0 = Release|Any CPU
		{37BF4409-D2B1-48B1-9979-B820A1C69DBE}.Release|Any CPU.Deploy.0 = Release|Any CPU
	EndGlobalSection
	GlobalSection(SolutionProperties) = preSolution
		HideSolutionNode = FALSE
	EndGlobalSection
EndGlobal
